// !$*UTF8*$!
{
	archiveVersion = 1;
	classes = {
	};
	objectVersion = 71;
	objects = {

/* Begin PBXBuildFile section */
		014B35C0E59A05E50245606A /* Native/Views/SettingsView.swift in Sources */ = {isa = PBXBuildFile; fileRef = D33B550F88C0FAFC47CAA9B5 /* Native/Views/SettingsView.swift */; };
		02E6863D200C189845137667 /* Native/Views/TransactionsView.swift in Sources */ = {isa = PBXBuildFile; fileRef = F19188F7225770AF6FD525C0 /* Native/Views/TransactionsView.swift */; };
		050D7263F02742B6BF447F6D /* Native/Rules.swift in Sources */ = {isa = PBXBuildFile; fileRef = 81255675588A43298DECAEB3 /* Native/Rules.swift */; };
		081A59EF9A79FBC45265C273 /* WidgetSnapshot.swift in Sources */ = {isa = PBXBuildFile; fileRef = 203FCBAC6256D607C727A9CE /* WidgetSnapshot.swift */; };
		095DE5EF907D462DBD3537A9 /* Native/Views/ManageViews.swift in Sources */ = {isa = PBXBuildFile; fileRef = 9B5E55D034124E4FA7708A32 /* Native/Views/ManageViews.swift */; };
		098355D42E8947DDB81495CD /* Native/Views/ReportDetails.swift in Sources */ = {isa = PBXBuildFile; fileRef = 2465D96E6AC740AD9BCDF926 /* Native/Views/ReportDetails.swift */; };
		0AED486DC5028236E648FC8C /* Native/Models.swift in Sources */ = {isa = PBXBuildFile; fileRef = 66177DE593ACD3F7FBE818F7 /* Native/Models.swift */; };
		0D29242560594EF4BA07BFC1 /* Native/Views/PayeesView.swift in Sources */ = {isa = PBXBuildFile; fileRef = 729C3F507D21493BA3BB885A /* Native/Views/PayeesView.swift */; };
		1EE747E8A7BA4902B438745D /* Native/Views/TagsView.swift in Sources */ = {isa = PBXBuildFile; fileRef = 3F6D4459327E4E6FB05D7E0F /* Native/Views/TagsView.swift */; };
		2A6FB75C0E638CB7BA4B4263 /* Native/Views/TransactionEditor.swift in Sources */ = {isa = PBXBuildFile; fileRef = 35ADAC2A7B4B204230C2E4AE /* Native/Views/TransactionEditor.swift */; };
		2ABE5A407256424C95B96350 /* Native/Schedules.swift in Sources */ = {isa = PBXBuildFile; fileRef = B7166B33BC754AD2B0247743 /* Native/Schedules.swift */; };
		2ACCE8679E7847AFB73B2225 /* Native/Importing.swift in Sources */ = {isa = PBXBuildFile; fileRef = AB9A221DDF49480E9A44C372 /* Native/Importing.swift */; };
		2DB483C95A254EDA91E28784 /* Native/GoalDescription.swift in Sources */ = {isa = PBXBuildFile; fileRef = 8BCCC14C986A49D39DDE270A /* Native/GoalDescription.swift */; };
		2EDA2189B4348994B63A09C1 /* Native/Core/EngineClient.swift in Sources */ = {isa = PBXBuildFile; fileRef = C3A2A897C9FC5F69A2DAC930 /* Native/Core/EngineClient.swift */; };
		2F8FE7A1BB3C4F7184F1D7FF /* Native/Reports.swift in Sources */ = {isa = PBXBuildFile; fileRef = 811B55025A214E8B9035B5F9 /* Native/Reports.swift */; };
		32AFA9370EEE8272B9DC4A78 /* Native/Resources in Copy Engine Resources */ = {isa = PBXBuildFile; fileRef = 26AB470B66CA9603C9E53F67 /* Native/Resources */; };
		3724999EFF609E935F4E5519 /* Native/Core/SQLiteHost.swift in Sources */ = {isa = PBXBuildFile; fileRef = 6F51DF911B0314245CE3C35C /* Native/Core/SQLiteHost.swift */; };
		451352A34D5C414DB91A638B /* Native/Views/BudgetActionsView.swift in Sources */ = {isa = PBXBuildFile; fileRef = D8ECE5380F8A47469DB342D8 /* Native/Views/BudgetActionsView.swift */; };
		48E952D828509F7F6604A5DB /* Foundation.framework in Frameworks */ = {isa = PBXBuildFile; fileRef = 4BE2ABA870DD3012B1FCB4CE /* Foundation.framework */; };
		5053EA6B4042432DA9A0EB90 /* Native/Views/ImportView.swift in Sources */ = {isa = PBXBuildFile; fileRef = 35E8712517604F4091EB62AC /* Native/Views/ImportView.swift */; };
		54A2091B7FBAD00DDF959F31 /* ActualWidget.swift in Sources */ = {isa = PBXBuildFile; fileRef = 14762814060BC0D9E4BB90EF /* ActualWidget.swift */; };
		5C1A7E0B9D2F4A6E8B3C1D20 /* Native/Views/AmountField.swift in Sources */ = {isa = PBXBuildFile; fileRef = 9E4B2C7A1F6D3E8B5A0C4F21 /* Native/Views/AmountField.swift */; };
		6292B24D93154C6A25CA48FB /* Native/Assets.xcassets in Resources */ = {isa = PBXBuildFile; fileRef = 0AAF66868F872CE43E775077 /* Native/Assets.xcassets */; };
		6773E3F2849B62EF2317BF27 /* Native/ActualNativeApp.swift in Sources */ = {isa = PBXBuildFile; fileRef = E3D9589739A3279854188C92 /* Native/ActualNativeApp.swift */; };
		5E1A9C3D7B2F4E6A8C0D1E21 /* PrivacyInfo.xcprivacy in Resources */ = {isa = PBXBuildFile; fileRef = 5E1A9C3D7B2F4E6A8C0D1E20 /* PrivacyInfo.xcprivacy */; };
		5E1A9C3D7B2F4E6A8C0D1E23 /* PrivacyInfo.xcprivacy in Resources */ = {isa = PBXBuildFile; fileRef = 5E1A9C3D7B2F4E6A8C0D1E22 /* PrivacyInfo.xcprivacy */; };
		6E1558E6E4ED0F4EB6464BCC /* ActualNativeWidget.appex in Embed Foundation Extensions */ = {isa = PBXBuildFile; fileRef = 88C2D1F425FD0D4B7ADC3B2E /* ActualNativeWidget.appex */; settings = {ATTRIBUTES = (RemoveHeadersOnCopy, ); }; };
		6E1F6E9757C9755493C9A6A3 /* Native/Views/TargetsEditor.swift in Sources */ = {isa = PBXBuildFile; fileRef = E4E7BEFC3B3FF10A7AD58AF0 /* Native/Views/TargetsEditor.swift */; };
		6E739054A39D46758AFA85A3 /* Native/Views/RulesView.swift in Sources */ = {isa = PBXBuildFile; fileRef = 4125543F935A49B49486C33E /* Native/Views/RulesView.swift */; };
		7A1C0E5D2F3B4A6C8D9E0F11 /* Native/Views/ReportWidgetEditor.swift in Sources */ = {isa = PBXBuildFile; fileRef = 7A1C0E5D2F3B4A6C8D9E0F12 /* Native/Views/ReportWidgetEditor.swift */; };
		7A1E5C3B9D2F48A6B0C4E6F2 /* Native/ThemeModel.swift in Sources */ = {isa = PBXBuildFile; fileRef = 7A1E5C3B9D2F48A6B0C4E6F1 /* Native/ThemeModel.swift */; };
		7A1E5C3B9D2F48A6B0C4E6F4 /* Native/Views/ThemeSettingsView.swift in Sources */ = {isa = PBXBuildFile; fileRef = 7A1E5C3B9D2F48A6B0C4E6F3 /* Native/Views/ThemeSettingsView.swift */; };
		809F71A2A5B047F39C676F68 /* Native/Views/ReportComponents.swift in Sources */ = {isa = PBXBuildFile; fileRef = 6D5D76757B1F406481F8379E /* Native/Views/ReportComponents.swift */; };
		92EE72845177356783DEA960 /* WidgetSnapshot.swift in Sources */ = {isa = PBXBuildFile; fileRef = 203FCBAC6256D607C727A9CE /* WidgetSnapshot.swift */; };
		9750BCB19B18BC9E2218101D /* Native/Targets.swift in Sources */ = {isa = PBXBuildFile; fileRef = 3D9944038F13D5EE416AC7AF /* Native/Targets.swift */; };
		A43402011D74D5734C7D96ED /* Tests/UITests/ActualNativeUITests.swift in Sources */ = {isa = PBXBuildFile; fileRef = 06D988CE8A4343CC9ED0D4F0 /* Tests/UITests/ActualNativeUITests.swift */; };
		A7E3C1D95B2F4E8061C4D2A1 /* Native/Views/ReconcileView.swift in Sources */ = {isa = PBXBuildFile; fileRef = B8F4D2EA6C305F9172D5E3B2 /* Native/Views/ReconcileView.swift */; };
		AB1BDB58B28CF1FDFFC17C52 /* Native/Views/BudgetView.swift in Sources */ = {isa = PBXBuildFile; fileRef = 83416C8B7281940A2D331143 /* Native/Views/BudgetView.swift */; };
		ACE6F83425944BF1A3750FDA /* Native/Views/CategoryTransactionsView.swift in Sources */ = {isa = PBXBuildFile; fileRef = 9A70C3736FC9438A8E9E43FF /* Native/Views/CategoryTransactionsView.swift */; };
		AD6EF18B16C605CA8C3B9955 /* Intents.swift in Sources */ = {isa = PBXBuildFile; fileRef = A1BB505D4A3C7BD92A98DA78 /* Intents.swift */; };
		AF716BBB3F56F5E55D747809 /* Native/Views/AccountsView.swift in Sources */ = {isa = PBXBuildFile; fileRef = 443F99244216BE707150CE77 /* Native/Views/AccountsView.swift */; };
		C08A978F6160C98BB61BF18C /* Native/Views/RootView.swift in Sources */ = {isa = PBXBuildFile; fileRef = 22F448B416504426D44ADE65 /* Native/Views/RootView.swift */; };
		C106B1CA3BCEB4813E913337 /* WidgetSupport.swift in Sources */ = {isa = PBXBuildFile; fileRef = 90A8172AA7B91566B2A3FB6A /* WidgetSupport.swift */; };
		C5A7C19B2C7C46E0A8A55A02 /* Native/Views/ReportsView.swift in Sources */ = {isa = PBXBuildFile; fileRef = 6A24D3505F8B4997956B4A63 /* Native/Views/ReportsView.swift */; };
		C7C805D8E081A4AD7DCDAEC9 /* Native/AppModel.swift in Sources */ = {isa = PBXBuildFile; fileRef = 33E8BE36FC801D3CF8C5A001 /* Native/AppModel.swift */; };
		CA222D1BB6E2CDD8B11B84EC /* Native/Theme.swift in Sources */ = {isa = PBXBuildFile; fileRef = 3D1C8D9F0C3BC17165ACEE19 /* Native/Theme.swift */; };
		D8E0347376C8932445254001 /* Native/Core/NativeHost.swift in Sources */ = {isa = PBXBuildFile; fileRef = 1A35017A7DDD556AA595E322 /* Native/Core/NativeHost.swift */; };
		F03ED1EC53B849B9A3EEFE78 /* Native/Views/SchedulesView.swift in Sources */ = {isa = PBXBuildFile; fileRef = 50EE63C13CD64073B3C0A282 /* Native/Views/SchedulesView.swift */; };
/* End PBXBuildFile section */

/* Begin PBXContainerItemProxy section */
		05D8412EEDA36CC1F920A4B4 /* PBXContainerItemProxy */ = {
			isa = PBXContainerItemProxy;
			containerPortal = 98F54143AB4E86B28C3AFEE0 /* Project object */;
			proxyType = 1;
			remoteGlobalIDString = 7025FD67D2C80BED2FE1907B;
			remoteInfo = ActualNativeWidget;
		};
		7DFA1C01224F79EDEC26861C /* PBXContainerItemProxy */ = {
			isa = PBXContainerItemProxy;
			containerPortal = 98F54143AB4E86B28C3AFEE0 /* Project object */;
			proxyType = 1;
			remoteGlobalIDString = 0E8A3AD980EC179856012B7E;
			remoteInfo = ActualNative;
		};
/* End PBXContainerItemProxy section */

/* Begin PBXCopyFilesBuildPhase section */
		05FBD35749479017399847D9 /* Copy Engine Resources */ = {
			isa = PBXCopyFilesBuildPhase;
			buildActionMask = 2147483647;
			dstPath = Engine;
			dstSubfolderSpec = 7;
			files = (
				32AFA9370EEE8272B9DC4A78 /* Native/Resources in Copy Engine Resources */,
			);
			name = "Copy Engine Resources";
			runOnlyForDeploymentPostprocessing = 0;
		};
		13251EB39FA06F7966354EB5 /* Embed Foundation Extensions */ = {
			isa = PBXCopyFilesBuildPhase;
			buildActionMask = 2147483647;
			dstPath = "";
			dstSubfolderSpec = 13;
			files = (
				6E1558E6E4ED0F4EB6464BCC /* ActualNativeWidget.appex in Embed Foundation Extensions */,
			);
			name = "Embed Foundation Extensions";
			runOnlyForDeploymentPostprocessing = 0;
		};
/* End PBXCopyFilesBuildPhase section */

/* Begin PBXFileReference section */
		06D988CE8A4343CC9ED0D4F0 /* Tests/UITests/ActualNativeUITests.swift */ = {isa = PBXFileReference; lastKnownFileType = sourcecode.swift; path = Tests/UITests/ActualNativeUITests.swift; sourceTree = "<group>"; };
		0AAF66868F872CE43E775077 /* Native/Assets.xcassets */ = {isa = PBXFileReference; lastKnownFileType = folder.assetcatalog; path = Native/Assets.xcassets; sourceTree = "<group>"; };
		14762814060BC0D9E4BB90EF /* ActualWidget.swift */ = {isa = PBXFileReference; includeInIndex = 1; lastKnownFileType = sourcecode.swift; name = ActualWidget.swift; path = Widget/ActualWidget.swift; sourceTree = "<group>"; };
		1A35017A7DDD556AA595E322 /* Native/Core/NativeHost.swift */ = {isa = PBXFileReference; lastKnownFileType = sourcecode.swift; path = Native/Core/NativeHost.swift; sourceTree = "<group>"; };
		203FCBAC6256D607C727A9CE /* WidgetSnapshot.swift */ = {isa = PBXFileReference; includeInIndex = 1; lastKnownFileType = sourcecode.swift; name = WidgetSnapshot.swift; path = Native/WidgetSnapshot.swift; sourceTree = "<group>"; };
		22F448B416504426D44ADE65 /* Native/Views/RootView.swift */ = {isa = PBXFileReference; lastKnownFileType = sourcecode.swift; path = Native/Views/RootView.swift; sourceTree = "<group>"; };
		2465D96E6AC740AD9BCDF926 /* Native/Views/ReportDetails.swift */ = {isa = PBXFileReference; lastKnownFileType = sourcecode.swift; path = Native/Views/ReportDetails.swift; sourceTree = "<group>"; };
		26AB470B66CA9603C9E53F67 /* Native/Resources */ = {isa = PBXFileReference; lastKnownFileType = folder; path = Native/Resources; sourceTree = "<group>"; };
		2E635C1267B14E15F71F5D1A /* ActualNativeUITests.xctest */ = {isa = PBXFileReference; explicitFileType = wrapper.cfbundle; path = ActualNativeUITests.xctest; sourceTree = BUILT_PRODUCTS_DIR; };
		33E8BE36FC801D3CF8C5A001 /* Native/AppModel.swift */ = {isa = PBXFileReference; lastKnownFileType = sourcecode.swift; path = Native/AppModel.swift; sourceTree = "<group>"; };
		35ADAC2A7B4B204230C2E4AE /* Native/Views/TransactionEditor.swift */ = {isa = PBXFileReference; lastKnownFileType = sourcecode.swift; path = Native/Views/TransactionEditor.swift; sourceTree = "<group>"; };
		35E8712517604F4091EB62AC /* Native/Views/ImportView.swift */ = {isa = PBXFileReference; lastKnownFileType = sourcecode.swift; path = Native/Views/ImportView.swift; sourceTree = "<group>"; };
		38A007151ABE87CC01A5B6E9 /* ActualNative.app */ = {isa = PBXFileReference; explicitFileType = wrapper.application; path = ActualNative.app; sourceTree = BUILT_PRODUCTS_DIR; };
		3BCE365185F8F91EB2AEE48A /* ActualNative.entitlements */ = {isa = PBXFileReference; includeInIndex = 1; lastKnownFileType = text.plist.entitlements; name = ActualNative.entitlements; path = Native/ActualNative.entitlements; sourceTree = "<group>"; };
		3D1C8D9F0C3BC17165ACEE19 /* Native/Theme.swift */ = {isa = PBXFileReference; lastKnownFileType = sourcecode.swift; path = Native/Theme.swift; sourceTree = "<group>"; };
		3D9944038F13D5EE416AC7AF /* Native/Targets.swift */ = {isa = PBXFileReference; lastKnownFileType = sourcecode.swift; path = Native/Targets.swift; sourceTree = "<group>"; };
		3F6D4459327E4E6FB05D7E0F /* Native/Views/TagsView.swift */ = {isa = PBXFileReference; lastKnownFileType = sourcecode.swift; path = Native/Views/TagsView.swift; sourceTree = "<group>"; };
		400697EE7D76E3928CCC977C /* ActualNativeWidget.entitlements */ = {isa = PBXFileReference; includeInIndex = 1; lastKnownFileType = text.plist.entitlements; name = ActualNativeWidget.entitlements; path = Widget/ActualNativeWidget.entitlements; sourceTree = "<group>"; };
		4125543F935A49B49486C33E /* Native/Views/RulesView.swift */ = {isa = PBXFileReference; lastKnownFileType = sourcecode.swift; path = Native/Views/RulesView.swift; sourceTree = "<group>"; };
		443F99244216BE707150CE77 /* Native/Views/AccountsView.swift */ = {isa = PBXFileReference; lastKnownFileType = sourcecode.swift; path = Native/Views/AccountsView.swift; sourceTree = "<group>"; };
		4BE2ABA870DD3012B1FCB4CE /* Foundation.framework */ = {isa = PBXFileReference; lastKnownFileType = wrapper.framework; name = Foundation.framework; path = Platforms/iPhoneOS.platform/Developer/SDKs/iPhoneOS18.0.sdk/System/Library/Frameworks/Foundation.framework; sourceTree = DEVELOPER_DIR; };
		50EE63C13CD64073B3C0A282 /* Native/Views/SchedulesView.swift */ = {isa = PBXFileReference; lastKnownFileType = sourcecode.swift; path = Native/Views/SchedulesView.swift; sourceTree = "<group>"; };
		66177DE593ACD3F7FBE818F7 /* Native/Models.swift */ = {isa = PBXFileReference; lastKnownFileType = sourcecode.swift; path = Native/Models.swift; sourceTree = "<group>"; };
		6A24D3505F8B4997956B4A63 /* Native/Views/ReportsView.swift */ = {isa = PBXFileReference; lastKnownFileType = sourcecode.swift; path = Native/Views/ReportsView.swift; sourceTree = "<group>"; };
		6D5D76757B1F406481F8379E /* Native/Views/ReportComponents.swift */ = {isa = PBXFileReference; lastKnownFileType = sourcecode.swift; path = Native/Views/ReportComponents.swift; sourceTree = "<group>"; };
		6F51DF911B0314245CE3C35C /* Native/Core/SQLiteHost.swift */ = {isa = PBXFileReference; lastKnownFileType = sourcecode.swift; path = Native/Core/SQLiteHost.swift; sourceTree = "<group>"; };
		729C3F507D21493BA3BB885A /* Native/Views/PayeesView.swift */ = {isa = PBXFileReference; lastKnownFileType = sourcecode.swift; path = Native/Views/PayeesView.swift; sourceTree = "<group>"; };
		7A1C0E5D2F3B4A6C8D9E0F12 /* Native/Views/ReportWidgetEditor.swift */ = {isa = PBXFileReference; lastKnownFileType = sourcecode.swift; path = Native/Views/ReportWidgetEditor.swift; sourceTree = "<group>"; };
		7A1E5C3B9D2F48A6B0C4E6F1 /* Native/ThemeModel.swift */ = {isa = PBXFileReference; lastKnownFileType = sourcecode.swift; path = Native/ThemeModel.swift; sourceTree = "<group>"; };
		7A1E5C3B9D2F48A6B0C4E6F3 /* Native/Views/ThemeSettingsView.swift */ = {isa = PBXFileReference; lastKnownFileType = sourcecode.swift; path = Native/Views/ThemeSettingsView.swift; sourceTree = "<group>"; };
		811B55025A214E8B9035B5F9 /* Native/Reports.swift */ = {isa = PBXFileReference; lastKnownFileType = sourcecode.swift; path = Native/Reports.swift; sourceTree = "<group>"; };
		81255675588A43298DECAEB3 /* Native/Rules.swift */ = {isa = PBXFileReference; lastKnownFileType = sourcecode.swift; path = Native/Rules.swift; sourceTree = "<group>"; };
		83416C8B7281940A2D331143 /* Native/Views/BudgetView.swift */ = {isa = PBXFileReference; lastKnownFileType = sourcecode.swift; path = Native/Views/BudgetView.swift; sourceTree = "<group>"; };
		88C2D1F425FD0D4B7ADC3B2E /* ActualNativeWidget.appex */ = {isa = PBXFileReference; explicitFileType = "wrapper.app-extension"; includeInIndex = 0; path = ActualNativeWidget.appex; sourceTree = BUILT_PRODUCTS_DIR; };
		8BCCC14C986A49D39DDE270A /* Native/GoalDescription.swift */ = {isa = PBXFileReference; lastKnownFileType = sourcecode.swift; path = Native/GoalDescription.swift; sourceTree = "<group>"; };
		90A8172AA7B91566B2A3FB6A /* WidgetSupport.swift */ = {isa = PBXFileReference; includeInIndex = 1; lastKnownFileType = sourcecode.swift; name = WidgetSupport.swift; path = Native/WidgetSupport.swift; sourceTree = "<group>"; };
		9A70C3736FC9438A8E9E43FF /* Native/Views/CategoryTransactionsView.swift */ = {isa = PBXFileReference; lastKnownFileType = sourcecode.swift; path = Native/Views/CategoryTransactionsView.swift; sourceTree = "<group>"; };
		9B5E55D034124E4FA7708A32 /* Native/Views/ManageViews.swift */ = {isa = PBXFileReference; lastKnownFileType = sourcecode.swift; path = Native/Views/ManageViews.swift; sourceTree = "<group>"; };
		9E4B2C7A1F6D3E8B5A0C4F21 /* Native/Views/AmountField.swift */ = {isa = PBXFileReference; lastKnownFileType = sourcecode.swift; path = Native/Views/AmountField.swift; sourceTree = "<group>"; };
		A1BB505D4A3C7BD92A98DA78 /* Intents.swift */ = {isa = PBXFileReference; includeInIndex = 1; lastKnownFileType = sourcecode.swift; name = Intents.swift; path = Native/Intents.swift; sourceTree = "<group>"; };
		AB9A221DDF49480E9A44C372 /* Native/Importing.swift */ = {isa = PBXFileReference; lastKnownFileType = sourcecode.swift; path = Native/Importing.swift; sourceTree = "<group>"; };
		B7166B33BC754AD2B0247743 /* Native/Schedules.swift */ = {isa = PBXFileReference; lastKnownFileType = sourcecode.swift; path = Native/Schedules.swift; sourceTree = "<group>"; };
		B8F4D2EA6C305F9172D5E3B2 /* Native/Views/ReconcileView.swift */ = {isa = PBXFileReference; lastKnownFileType = sourcecode.swift; path = Native/Views/ReconcileView.swift; sourceTree = "<group>"; };
		BA7499A642120147A4B2BD5F /* Info.plist */ = {isa = PBXFileReference; includeInIndex = 1; lastKnownFileType = text.plist.xml; name = Info.plist; path = Native/Info.plist; sourceTree = "<group>"; };
		C3A2A897C9FC5F69A2DAC930 /* Native/Core/EngineClient.swift */ = {isa = PBXFileReference; lastKnownFileType = sourcecode.swift; path = Native/Core/EngineClient.swift; sourceTree = "<group>"; };
		D33B550F88C0FAFC47CAA9B5 /* Native/Views/SettingsView.swift */ = {isa = PBXFileReference; lastKnownFileType = sourcecode.swift; path = Native/Views/SettingsView.swift; sourceTree = "<group>"; };
		D8ECE5380F8A47469DB342D8 /* Native/Views/BudgetActionsView.swift */ = {isa = PBXFileReference; lastKnownFileType = sourcecode.swift; path = Native/Views/BudgetActionsView.swift; sourceTree = "<group>"; };
		E3D9589739A3279854188C92 /* Native/ActualNativeApp.swift */ = {isa = PBXFileReference; lastKnownFileType = sourcecode.swift; path = Native/ActualNativeApp.swift; sourceTree = "<group>"; };
		E4E7BEFC3B3FF10A7AD58AF0 /* Native/Views/TargetsEditor.swift */ = {isa = PBXFileReference; lastKnownFileType = sourcecode.swift; path = Native/Views/TargetsEditor.swift; sourceTree = "<group>"; };
		5E1A9C3D7B2F4E6A8C0D1E20 /* PrivacyInfo.xcprivacy */ = {isa = PBXFileReference; lastKnownFileType = text.xml; name = PrivacyInfo.xcprivacy; path = Native/PrivacyInfo.xcprivacy; sourceTree = "<group>"; };
		5E1A9C3D7B2F4E6A8C0D1E22 /* PrivacyInfo.xcprivacy */ = {isa = PBXFileReference; lastKnownFileType = text.xml; name = PrivacyInfo.xcprivacy; path = Widget/PrivacyInfo.xcprivacy; sourceTree = "<group>"; };
		EB6B237153F43152E6F44E9A /* Info.plist */ = {isa = PBXFileReference; includeInIndex = 1; lastKnownFileType = text.plist.xml; name = Info.plist; path = Widget/Info.plist; sourceTree = "<group>"; };
		F19188F7225770AF6FD525C0 /* Native/Views/TransactionsView.swift */ = {isa = PBXFileReference; lastKnownFileType = sourcecode.swift; path = Native/Views/TransactionsView.swift; sourceTree = "<group>"; };
/* End PBXFileReference section */

/* Begin PBXFrameworksBuildPhase section */
		13C4A49C95D1A77D71C21927 /* Frameworks */ = {
			isa = PBXFrameworksBuildPhase;
			buildActionMask = 2147483647;
			files = (
				48E952D828509F7F6604A5DB /* Foundation.framework in Frameworks */,
			);
			runOnlyForDeploymentPostprocessing = 0;
		};
		4C743359E8477277AB459C6E /* Frameworks */ = {
			isa = PBXFrameworksBuildPhase;
			buildActionMask = 2147483647;
			files = (
			);
			runOnlyForDeploymentPostprocessing = 0;
		};
		7561BFB015D8F536760CB671 /* Frameworks */ = {
			isa = PBXFrameworksBuildPhase;
			buildActionMask = 2147483647;
			files = (
			);
			runOnlyForDeploymentPostprocessing = 0;
		};
/* End PBXFrameworksBuildPhase section */

/* Begin PBXGroup section */
		046CE664461C253A5744E0DC /* Frameworks */ = {
			isa = PBXGroup;
			children = (
				9AA5025E265DDB4C01C2C9A6 /* iOS */,
			);
			name = Frameworks;
			sourceTree = "<group>";
		};
		615B463D1028E4E24B674CF7 /* Products */ = {
			isa = PBXGroup;
			children = (
				38A007151ABE87CC01A5B6E9 /* ActualNative.app */,
				2E635C1267B14E15F71F5D1A /* ActualNativeUITests.xctest */,
				88C2D1F425FD0D4B7ADC3B2E /* ActualNativeWidget.appex */,
			);
			name = Products;
			sourceTree = "<group>";
		};
		870B3294C0CBD48AF6BBCC1B = {
			isa = PBXGroup;
			children = (
				E3D9589739A3279854188C92 /* Native/ActualNativeApp.swift */,
				33E8BE36FC801D3CF8C5A001 /* Native/AppModel.swift */,
				C3A2A897C9FC5F69A2DAC930 /* Native/Core/EngineClient.swift */,
				1A35017A7DDD556AA595E322 /* Native/Core/NativeHost.swift */,
				6F51DF911B0314245CE3C35C /* Native/Core/SQLiteHost.swift */,
				66177DE593ACD3F7FBE818F7 /* Native/Models.swift */,
				3D9944038F13D5EE416AC7AF /* Native/Targets.swift */,
				8BCCC14C986A49D39DDE270A /* Native/GoalDescription.swift */,
				6D5D76757B1F406481F8379E /* Native/Views/ReportComponents.swift */,
				2465D96E6AC740AD9BCDF926 /* Native/Views/ReportDetails.swift */,
				7A1C0E5D2F3B4A6C8D9E0F12 /* Native/Views/ReportWidgetEditor.swift */,
				6A24D3505F8B4997956B4A63 /* Native/Views/ReportsView.swift */,
				811B55025A214E8B9035B5F9 /* Native/Reports.swift */,
				3D1C8D9F0C3BC17165ACEE19 /* Native/Theme.swift */,
				7A1E5C3B9D2F48A6B0C4E6F3 /* Native/Views/ThemeSettingsView.swift */,
				7A1E5C3B9D2F48A6B0C4E6F1 /* Native/ThemeModel.swift */,
				443F99244216BE707150CE77 /* Native/Views/AccountsView.swift */,
				9E4B2C7A1F6D3E8B5A0C4F21 /* Native/Views/AmountField.swift */,
				83416C8B7281940A2D331143 /* Native/Views/BudgetView.swift */,
				AB9A221DDF49480E9A44C372 /* Native/Importing.swift */,
				35E8712517604F4091EB62AC /* Native/Views/ImportView.swift */,
				3F6D4459327E4E6FB05D7E0F /* Native/Views/TagsView.swift */,
				4125543F935A49B49486C33E /* Native/Views/RulesView.swift */,
				81255675588A43298DECAEB3 /* Native/Rules.swift */,
				729C3F507D21493BA3BB885A /* Native/Views/PayeesView.swift */,
				9A70C3736FC9438A8E9E43FF /* Native/Views/CategoryTransactionsView.swift */,
				50EE63C13CD64073B3C0A282 /* Native/Views/SchedulesView.swift */,
				B7166B33BC754AD2B0247743 /* Native/Schedules.swift */,
				9B5E55D034124E4FA7708A32 /* Native/Views/ManageViews.swift */,
				D8ECE5380F8A47469DB342D8 /* Native/Views/BudgetActionsView.swift */,
				B8F4D2EA6C305F9172D5E3B2 /* Native/Views/ReconcileView.swift */,
				22F448B416504426D44ADE65 /* Native/Views/RootView.swift */,
				D33B550F88C0FAFC47CAA9B5 /* Native/Views/SettingsView.swift */,
				E4E7BEFC3B3FF10A7AD58AF0 /* Native/Views/TargetsEditor.swift */,
				35ADAC2A7B4B204230C2E4AE /* Native/Views/TransactionEditor.swift */,
				F19188F7225770AF6FD525C0 /* Native/Views/TransactionsView.swift */,
				0AAF66868F872CE43E775077 /* Native/Assets.xcassets */,
				26AB470B66CA9603C9E53F67 /* Native/Resources */,
				06D988CE8A4343CC9ED0D4F0 /* Tests/UITests/ActualNativeUITests.swift */,
				615B463D1028E4E24B674CF7 /* Products */,
				203FCBAC6256D607C727A9CE /* WidgetSnapshot.swift */,
				90A8172AA7B91566B2A3FB6A /* WidgetSupport.swift */,
				BA7499A642120147A4B2BD5F /* Info.plist */,
				3BCE365185F8F91EB2AEE48A /* ActualNative.entitlements */,
				5E1A9C3D7B2F4E6A8C0D1E20 /* PrivacyInfo.xcprivacy */,
				046CE664461C253A5744E0DC /* Frameworks */,
				14762814060BC0D9E4BB90EF /* ActualWidget.swift */,
				EB6B237153F43152E6F44E9A /* Info.plist */,
				400697EE7D76E3928CCC977C /* ActualNativeWidget.entitlements */,
				5E1A9C3D7B2F4E6A8C0D1E22 /* PrivacyInfo.xcprivacy */,
				A1BB505D4A3C7BD92A98DA78 /* Intents.swift */,
			);
			sourceTree = "<group>";
		};
		9AA5025E265DDB4C01C2C9A6 /* iOS */ = {
			isa = PBXGroup;
			children = (
				4BE2ABA870DD3012B1FCB4CE /* Foundation.framework */,
			);
			name = iOS;
			sourceTree = "<group>";
		};
/* End PBXGroup section */

/* Begin PBXNativeTarget section */
		0E8A3AD980EC179856012B7E /* ActualNative */ = {
			isa = PBXNativeTarget;
			buildConfigurationList = 7DE97F2CECB2601227982F09 /* Build configuration list for PBXNativeTarget "ActualNative" */;
			buildPhases = (
				16644122B3014A09BD431644 /* Bundle Actual Engine */,
				BCE16DD0260827ECF338C787 /* Sources */,
				7561BFB015D8F536760CB671 /* Frameworks */,
				0189424A5A60FED329FA868E /* Resources */,
				05FBD35749479017399847D9 /* Copy Engine Resources */,
				13251EB39FA06F7966354EB5 /* Embed Foundation Extensions */,
			);
			buildRules = (
			);
			dependencies = (
				4EF76DE21E5897C1E16A9779 /* PBXTargetDependency */,
			);
			name = ActualNative;
			productName = ActualNative;
			productReference = 38A007151ABE87CC01A5B6E9 /* ActualNative.app */;
			productType = "com.apple.product-type.application";
		};
		7025FD67D2C80BED2FE1907B /* ActualNativeWidget */ = {
			isa = PBXNativeTarget;
			buildConfigurationList = F6FAB15CA4C8D7A4500C36FF /* Build configuration list for PBXNativeTarget "ActualNativeWidget" */;
			buildPhases = (
				96221212BA84A1E18A7D1DF9 /* Sources */,
				13C4A49C95D1A77D71C21927 /* Frameworks */,
				7EC1BACCEC762C13472C7D50 /* Resources */,
			);
			buildRules = (
			);
			dependencies = (
			);
			name = ActualNativeWidget;
			productName = ActualNativeWidget;
			productReference = 88C2D1F425FD0D4B7ADC3B2E /* ActualNativeWidget.appex */;
			productType = "com.apple.product-type.app-extension";
		};
		95F9FC6E252E44B94B26FF0C /* ActualNativeUITests */ = {
			isa = PBXNativeTarget;
			buildConfigurationList = 18D30BB664B1966F2AB75FFE /* Build configuration list for PBXNativeTarget "ActualNativeUITests" */;
			buildPhases = (
				55C2A1145FF0806565865D92 /* Sources */,
				4C743359E8477277AB459C6E /* Frameworks */,
			);
			buildRules = (
			);
			dependencies = (
				F2911E6CDEAA0FE13B12A6A4 /* PBXTargetDependency */,
			);
			name = ActualNativeUITests;
			productName = ActualNativeUITests;
			productReference = 2E635C1267B14E15F71F5D1A /* ActualNativeUITests.xctest */;
			productType = "com.apple.product-type.bundle.ui-testing";
		};
/* End PBXNativeTarget section */

/* Begin PBXProject section */
		98F54143AB4E86B28C3AFEE0 /* Project object */ = {
			isa = PBXProject;
			attributes = {
				BuildIndependentTargetsInParallel = YES;
				LastUpgradeCheck = 2700;
				TargetAttributes = {
					0E8A3AD980EC179856012B7E = {
						CreatedOnToolsVersion = 27.0;
					};
					95F9FC6E252E44B94B26FF0C = {
						CreatedOnToolsVersion = 27.0;
						TestTargetID = 0E8A3AD980EC179856012B7E;
					};
				};
			};
			buildConfigurationList = 6650A2B5E24FA7522CE6B81C /* Build configuration list for PBXProject "ActualNative" */;
			compatibilityVersion = "Xcode 16.0";
			developmentRegion = en;
			hasScannedForEncodings = 0;
			knownRegions = (
				en,
				Base,
			);
			mainGroup = 870B3294C0CBD48AF6BBCC1B;
			productRefGroup = 615B463D1028E4E24B674CF7 /* Products */;
			projectDirPath = "";
			projectRoot = "";
			targets = (
				0E8A3AD980EC179856012B7E /* ActualNative */,
				95F9FC6E252E44B94B26FF0C /* ActualNativeUITests */,
				7025FD67D2C80BED2FE1907B /* ActualNativeWidget */,
			);
		};
/* End PBXProject section */

/* Begin PBXResourcesBuildPhase section */
		0189424A5A60FED329FA868E /* Resources */ = {
			isa = PBXResourcesBuildPhase;
			buildActionMask = 2147483647;
			files = (
				6292B24D93154C6A25CA48FB /* Native/Assets.xcassets in Resources */,
				5E1A9C3D7B2F4E6A8C0D1E21 /* PrivacyInfo.xcprivacy in Resources */,
			);
			runOnlyForDeploymentPostprocessing = 0;
		};
		7EC1BACCEC762C13472C7D50 /* Resources */ = {
			isa = PBXResourcesBuildPhase;
			buildActionMask = 2147483647;
			files = (
				5E1A9C3D7B2F4E6A8C0D1E23 /* PrivacyInfo.xcprivacy in Resources */,
			);
			runOnlyForDeploymentPostprocessing = 0;
		};
/* End PBXResourcesBuildPhase section */

/* Begin PBXShellScriptBuildPhase section */
		16644122B3014A09BD431644 /* Bundle Actual Engine */ = {
			isa = PBXShellScriptBuildPhase;
			alwaysOutOfDate = 1;
			buildActionMask = 2147483647;
			files = (
			);
			inputFileListPaths = (
			);
			inputPaths = (
			);
			name = "Bundle Actual Engine";
			outputFileListPaths = (
			);
			outputPaths = (
			);
			runOnlyForDeploymentPostprocessing = 0;
			shellPath = /bin/sh;
			shellScript = "\"${SRCROOT}/scripts/xcode-build-engine.sh\"\n";
			showEnvVarsInLog = 0;
		};
/* End PBXShellScriptBuildPhase section */

/* Begin PBXSourcesBuildPhase section */
		55C2A1145FF0806565865D92 /* Sources */ = {
			isa = PBXSourcesBuildPhase;
			buildActionMask = 2147483647;
			files = (
				A43402011D74D5734C7D96ED /* Tests/UITests/ActualNativeUITests.swift in Sources */,
			);
			runOnlyForDeploymentPostprocessing = 0;
		};
		96221212BA84A1E18A7D1DF9 /* Sources */ = {
			isa = PBXSourcesBuildPhase;
			buildActionMask = 2147483647;
			files = (
				54A2091B7FBAD00DDF959F31 /* ActualWidget.swift in Sources */,
				081A59EF9A79FBC45265C273 /* WidgetSnapshot.swift in Sources */,
			);
			runOnlyForDeploymentPostprocessing = 0;
		};
		BCE16DD0260827ECF338C787 /* Sources */ = {
			isa = PBXSourcesBuildPhase;
			buildActionMask = 2147483647;
			files = (
				6773E3F2849B62EF2317BF27 /* Native/ActualNativeApp.swift in Sources */,
				C7C805D8E081A4AD7DCDAEC9 /* Native/AppModel.swift in Sources */,
				2EDA2189B4348994B63A09C1 /* Native/Core/EngineClient.swift in Sources */,
				D8E0347376C8932445254001 /* Native/Core/NativeHost.swift in Sources */,
				3724999EFF609E935F4E5519 /* Native/Core/SQLiteHost.swift in Sources */,
				0AED486DC5028236E648FC8C /* Native/Models.swift in Sources */,
				9750BCB19B18BC9E2218101D /* Native/Targets.swift in Sources */,
				2DB483C95A254EDA91E28784 /* Native/GoalDescription.swift in Sources */,
				809F71A2A5B047F39C676F68 /* Native/Views/ReportComponents.swift in Sources */,
				098355D42E8947DDB81495CD /* Native/Views/ReportDetails.swift in Sources */,
				7A1C0E5D2F3B4A6C8D9E0F11 /* Native/Views/ReportWidgetEditor.swift in Sources */,
				C5A7C19B2C7C46E0A8A55A02 /* Native/Views/ReportsView.swift in Sources */,
				2F8FE7A1BB3C4F7184F1D7FF /* Native/Reports.swift in Sources */,
				6E1F6E9757C9755493C9A6A3 /* Native/Views/TargetsEditor.swift in Sources */,
				CA222D1BB6E2CDD8B11B84EC /* Native/Theme.swift in Sources */,
				7A1E5C3B9D2F48A6B0C4E6F4 /* Native/Views/ThemeSettingsView.swift in Sources */,
				7A1E5C3B9D2F48A6B0C4E6F2 /* Native/ThemeModel.swift in Sources */,
				AF716BBB3F56F5E55D747809 /* Native/Views/AccountsView.swift in Sources */,
				5C1A7E0B9D2F4A6E8B3C1D20 /* Native/Views/AmountField.swift in Sources */,
				AB1BDB58B28CF1FDFFC17C52 /* Native/Views/BudgetView.swift in Sources */,
				2ACCE8679E7847AFB73B2225 /* Native/Importing.swift in Sources */,
				5053EA6B4042432DA9A0EB90 /* Native/Views/ImportView.swift in Sources */,
				1EE747E8A7BA4902B438745D /* Native/Views/TagsView.swift in Sources */,
				6E739054A39D46758AFA85A3 /* Native/Views/RulesView.swift in Sources */,
				050D7263F02742B6BF447F6D /* Native/Rules.swift in Sources */,
				0D29242560594EF4BA07BFC1 /* Native/Views/PayeesView.swift in Sources */,
				ACE6F83425944BF1A3750FDA /* Native/Views/CategoryTransactionsView.swift in Sources */,
				F03ED1EC53B849B9A3EEFE78 /* Native/Views/SchedulesView.swift in Sources */,
				2ABE5A407256424C95B96350 /* Native/Schedules.swift in Sources */,
				095DE5EF907D462DBD3537A9 /* Native/Views/ManageViews.swift in Sources */,
				451352A34D5C414DB91A638B /* Native/Views/BudgetActionsView.swift in Sources */,
				C08A978F6160C98BB61BF18C /* Native/Views/RootView.swift in Sources */,
				A7E3C1D95B2F4E8061C4D2A1 /* Native/Views/ReconcileView.swift in Sources */,
				014B35C0E59A05E50245606A /* Native/Views/SettingsView.swift in Sources */,
				2A6FB75C0E638CB7BA4B4263 /* Native/Views/TransactionEditor.swift in Sources */,
				02E6863D200C189845137667 /* Native/Views/TransactionsView.swift in Sources */,
				92EE72845177356783DEA960 /* WidgetSnapshot.swift in Sources */,
				C106B1CA3BCEB4813E913337 /* WidgetSupport.swift in Sources */,
				AD6EF18B16C605CA8C3B9955 /* Intents.swift in Sources */,
			);
			runOnlyForDeploymentPostprocessing = 0;
		};
/* End PBXSourcesBuildPhase section */

/* Begin PBXTargetDependency section */
		4EF76DE21E5897C1E16A9779 /* PBXTargetDependency */ = {
			isa = PBXTargetDependency;
			name = ActualNativeWidget;
			target = 7025FD67D2C80BED2FE1907B /* ActualNativeWidget */;
			targetProxy = 05D8412EEDA36CC1F920A4B4 /* PBXContainerItemProxy */;
		};
		F2911E6CDEAA0FE13B12A6A4 /* PBXTargetDependency */ = {
			isa = PBXTargetDependency;
			target = 0E8A3AD980EC179856012B7E /* ActualNative */;
			targetProxy = 7DFA1C01224F79EDEC26861C /* PBXContainerItemProxy */;
		};
/* End PBXTargetDependency section */

/* Begin XCBuildConfiguration section */
		3D553B551D2688E2E7A15153 /* Release */ = {
			isa = XCBuildConfiguration;
			buildSettings = {
				CLANG_ENABLE_MODULES = YES;
				COPY_PHASE_STRIP = NO;
				DEBUG_INFORMATION_FORMAT = "dwarf-with-dsym";
				GCC_C_LANGUAGE_STANDARD = gnu17;
				IPHONEOS_DEPLOYMENT_TARGET = 26.0;
				SDKROOT = iphoneos;
				SWIFT_OPTIMIZATION_LEVEL = "-O";
				SWIFT_STRICT_CONCURRENCY = complete;
				SWIFT_VERSION = 6.0;
				TARGETED_DEVICE_FAMILY = "1,2";
			};
			name = Release;
		};
		4A222585C6C7E75038F06D4B /* Debug */ = {
			isa = XCBuildConfiguration;
			buildSettings = {
				APPLICATION_EXTENSION_API_ONLY = YES;
				CLANG_ENABLE_OBJC_WEAK = NO;
				CODE_SIGN_ENTITLEMENTS = Widget/ActualNativeWidget.entitlements;
				CODE_SIGN_STYLE = Automatic;
				CURRENT_PROJECT_VERSION = 1;
				DEVELOPMENT_TEAM = DXQYB82U9V;
				GENERATE_INFOPLIST_FILE = YES;
				INFOPLIST_FILE = Widget/Info.plist;
				INFOPLIST_KEY_CFBundleDisplayName = Actual;
				IPHONEOS_DEPLOYMENT_TARGET = 26.0;
				LD_RUNPATH_SEARCH_PATHS = (
					"$(inherited)",
					"@executable_path/Frameworks",
					"@executable_path/../../Frameworks",
				);
				MARKETING_VERSION = 0.1.0;
				PRODUCT_BUNDLE_IDENTIFIER = com.ugoromi.actualnative.widget;
				PRODUCT_NAME = "$(TARGET_NAME)";
				SDKROOT = iphoneos;
				SKIP_INSTALL = YES;
				SWIFT_VERSION = 6.0;
				TARGETED_DEVICE_FAMILY = "1,2";
			};
			name = Debug;
		};
		571C8FDB1355ACEF41FF4878 /* Release */ = {
			isa = XCBuildConfiguration;
			buildSettings = {
				APPLICATION_EXTENSION_API_ONLY = YES;
				CLANG_ENABLE_OBJC_WEAK = NO;
				CODE_SIGN_ENTITLEMENTS = Widget/ActualNativeWidget.entitlements;
				CODE_SIGN_STYLE = Automatic;
				CURRENT_PROJECT_VERSION = 1;
				DEVELOPMENT_TEAM = DXQYB82U9V;
				GENERATE_INFOPLIST_FILE = YES;
				INFOPLIST_FILE = Widget/Info.plist;
				INFOPLIST_KEY_CFBundleDisplayName = Actual;
				IPHONEOS_DEPLOYMENT_TARGET = 26.0;
				LD_RUNPATH_SEARCH_PATHS = (
					"$(inherited)",
					"@executable_path/Frameworks",
					"@executable_path/../../Frameworks",
				);
				MARKETING_VERSION = 0.1.0;
				PRODUCT_BUNDLE_IDENTIFIER = com.ugoromi.actualnative.widget;
				PRODUCT_NAME = "$(TARGET_NAME)";
				SDKROOT = iphoneos;
				SKIP_INSTALL = YES;
				SWIFT_VERSION = 6.0;
				TARGETED_DEVICE_FAMILY = "1,2";
				VALIDATE_PRODUCT = YES;
			};
			name = Release;
		};
		89679AD72EB8C11CFB977C17 /* Debug */ = {
			isa = XCBuildConfiguration;
			buildSettings = {
				ASSETCATALOG_COMPILER_APPICON_NAME = AppIcon;
				ASSETCATALOG_COMPILER_GLOBAL_ACCENT_COLOR_NAME = AccentColor;
				CODE_SIGN_ENTITLEMENTS = Native/ActualNative.entitlements;
				CODE_SIGN_STYLE = Automatic;
				CURRENT_PROJECT_VERSION = 1;
				DEVELOPMENT_TEAM = DXQYB82U9V;
				GENERATE_INFOPLIST_FILE = YES;
				INFOPLIST_FILE = Native/Info.plist;
				INFOPLIST_KEY_CFBundleDisplayName = "Actual Native";
				INFOPLIST_KEY_UIApplicationSceneManifest_Generation = YES;
				INFOPLIST_KEY_UILaunchScreen_Generation = YES;
				INFOPLIST_KEY_UISupportedInterfaceOrientations_iPad = "UIInterfaceOrientationPortrait UIInterfaceOrientationPortraitUpsideDown UIInterfaceOrientationLandscapeLeft UIInterfaceOrientationLandscapeRight";
				INFOPLIST_KEY_UISupportedInterfaceOrientations_iPhone = "UIInterfaceOrientationPortrait UIInterfaceOrientationLandscapeLeft UIInterfaceOrientationLandscapeRight";
				LD_RUNPATH_SEARCH_PATHS = (
					"$(inherited)",
					"@executable_path/Frameworks",
				);
				MARKETING_VERSION = 0.1.0;
				OTHER_LDFLAGS = (
					"$(inherited)",
					"-lsqlite3",
					"-framework",
					JavaScriptCore,
					"-framework",
					Security,
				);
				PRODUCT_BUNDLE_IDENTIFIER = com.ugoromi.actualnative;
				PRODUCT_NAME = ActualNative;
				SUPPORTED_PLATFORMS = "iphoneos iphonesimulator";
				SWIFT_EMIT_LOC_STRINGS = YES;
			};
			name = Debug;
		};
		AA60E62D3E7BAEF305ADABEA /* Debug */ = {
			isa = XCBuildConfiguration;
			buildSettings = {
				CLANG_ENABLE_MODULES = YES;
				COPY_PHASE_STRIP = NO;
				DEBUG_INFORMATION_FORMAT = dwarf;
				ENABLE_TESTABILITY = YES;
				GCC_C_LANGUAGE_STANDARD = gnu17;
				IPHONEOS_DEPLOYMENT_TARGET = 26.0;
				SDKROOT = iphoneos;
				SWIFT_ACTIVE_COMPILATION_CONDITIONS = DEBUG;
				SWIFT_OPTIMIZATION_LEVEL = "-Onone";
				SWIFT_STRICT_CONCURRENCY = complete;
				SWIFT_VERSION = 6.0;
				TARGETED_DEVICE_FAMILY = "1,2";
			};
			name = Debug;
		};
		D7D346DF8ED1E9221B9E671B /* Release */ = {
			isa = XCBuildConfiguration;
			buildSettings = {
				CODE_SIGN_STYLE = Automatic;
				DEVELOPMENT_TEAM = DXQYB82U9V;
				GENERATE_INFOPLIST_FILE = YES;
				IPHONEOS_DEPLOYMENT_TARGET = 26.0;
				PRODUCT_BUNDLE_IDENTIFIER = org.actualnative.ios.uitests;
				PRODUCT_NAME = ActualNativeUITests;
				SUPPORTED_PLATFORMS = "iphoneos iphonesimulator";
				SWIFT_VERSION = 6.0;
				TEST_TARGET_NAME = ActualNative;
			};
			name = Release;
		};
		DB94307ECB9D84D73F3251E3 /* Release */ = {
			isa = XCBuildConfiguration;
			buildSettings = {
				ASSETCATALOG_COMPILER_APPICON_NAME = AppIcon;
				ASSETCATALOG_COMPILER_GLOBAL_ACCENT_COLOR_NAME = AccentColor;
				CODE_SIGN_ENTITLEMENTS = Native/ActualNative.entitlements;
				CODE_SIGN_STYLE = Automatic;
				CURRENT_PROJECT_VERSION = 1;
				DEVELOPMENT_TEAM = DXQYB82U9V;
				GENERATE_INFOPLIST_FILE = YES;
				INFOPLIST_FILE = Native/Info.plist;
				INFOPLIST_KEY_CFBundleDisplayName = "Actual Native";
				INFOPLIST_KEY_UIApplicationSceneManifest_Generation = YES;
				INFOPLIST_KEY_UILaunchScreen_Generation = YES;
				INFOPLIST_KEY_UISupportedInterfaceOrientations_iPad = "UIInterfaceOrientationPortrait UIInterfaceOrientationPortraitUpsideDown UIInterfaceOrientationLandscapeLeft UIInterfaceOrientationLandscapeRight";
				INFOPLIST_KEY_UISupportedInterfaceOrientations_iPhone = "UIInterfaceOrientationPortrait UIInterfaceOrientationLandscapeLeft UIInterfaceOrientationLandscapeRight";
				LD_RUNPATH_SEARCH_PATHS = (
					"$(inherited)",
					"@executable_path/Frameworks",
				);
				MARKETING_VERSION = 0.1.0;
				OTHER_LDFLAGS = (
					"$(inherited)",
					"-lsqlite3",
					"-framework",
					JavaScriptCore,
					"-framework",
					Security,
				);
				PRODUCT_BUNDLE_IDENTIFIER = com.ugoromi.actualnative;
				PRODUCT_NAME = ActualNative;
				SUPPORTED_PLATFORMS = "iphoneos iphonesimulator";
				SWIFT_EMIT_LOC_STRINGS = YES;
			};
			name = Release;
		};
		F194682C3394A5E39D824345 /* Debug */ = {
			isa = XCBuildConfiguration;
			buildSettings = {
				CODE_SIGN_STYLE = Automatic;
				DEVELOPMENT_TEAM = DXQYB82U9V;
				GENERATE_INFOPLIST_FILE = YES;
				IPHONEOS_DEPLOYMENT_TARGET = 26.0;
				PRODUCT_BUNDLE_IDENTIFIER = org.actualnative.ios.uitests;
				PRODUCT_NAME = ActualNativeUITests;
				SUPPORTED_PLATFORMS = "iphoneos iphonesimulator";
				SWIFT_VERSION = 6.0;
				TEST_TARGET_NAME = ActualNative;
			};
			name = Debug;
		};
/* End XCBuildConfiguration section */

/* Begin XCConfigurationList section */
		18D30BB664B1966F2AB75FFE /* Build configuration list for PBXNativeTarget "ActualNativeUITests" */ = {
			isa = XCConfigurationList;
			buildConfigurations = (
				F194682C3394A5E39D824345 /* Debug */,
				D7D346DF8ED1E9221B9E671B /* Release */,
			);
			defaultConfigurationIsVisible = 0;
			defaultConfigurationName = Release;
		};
		6650A2B5E24FA7522CE6B81C /* Build configuration list for PBXProject "ActualNative" */ = {
			isa = XCConfigurationList;
			buildConfigurations = (
				AA60E62D3E7BAEF305ADABEA /* Debug */,
				3D553B551D2688E2E7A15153 /* Release */,
			);
			defaultConfigurationIsVisible = 0;
			defaultConfigurationName = Release;
		};
		7DE97F2CECB2601227982F09 /* Build configuration list for PBXNativeTarget "ActualNative" */ = {
			isa = XCConfigurationList;
			buildConfigurations = (
				89679AD72EB8C11CFB977C17 /* Debug */,
				DB94307ECB9D84D73F3251E3 /* Release */,
			);
			defaultConfigurationIsVisible = 0;
			defaultConfigurationName = Release;
		};
		F6FAB15CA4C8D7A4500C36FF /* Build configuration list for PBXNativeTarget "ActualNativeWidget" */ = {
			isa = XCConfigurationList;
			buildConfigurations = (
				571C8FDB1355ACEF41FF4878 /* Release */,
				4A222585C6C7E75038F06D4B /* Debug */,
			);
			defaultConfigurationIsVisible = 0;
			defaultConfigurationName = Release;
		};
/* End XCConfigurationList section */
	};
	rootObject = 98F54143AB4E86B28C3AFEE0 /* Project object */;
}
